{
  "name": "gatsby-starter-lumen",
  "version": "3.0.3",
  "lockfileVersion": 1,
  "requires": true,
  "dependencies": {
    "boolbase": {
      "version": "1.0.0",
      "resolved": "https://registry.npmjs.org/boolbase/-/boolbase-1.0.0.tgz",
      "integrity": "sha1-aN/1++YMUes3cl6p4+0xDcwed24="
    },
    "css-selector-parser": {
      "version": "1.3.0",
      "resolved": "https://registry.npmjs.org/css-selector-parser/-/css-selector-parser-1.3.0.tgz",
      "integrity": "sha1-XxrUPi2O77/cME/NOaUhZklD4+s="
    },
    "debug": {
      "version": "2.6.9",
      "resolved": "https://registry.npmjs.org/debug/-/debug-2.6.9.tgz",
      "integrity": "sha512-bC7ElrdJaJnPbAP+1EotYvqZsb3ecl5wi6Bfi6BJTUcNowp6cvspg0jXznRTKDjm/E7AdgFBVeAPVMNcKGsHMA==",
      "requires": {
        "ms": "2.0.0"
      }
    },
    "gatsby-remark-responsive-image": {
      "version": "1.0.0-alpha13-alpha.435e0178",
      "resolved": "https://registry.npmjs.org/gatsby-remark-responsive-image/-/gatsby-remark-responsive-image-1.0.0-alpha13-alpha.435e0178.tgz",
      "integrity": "sha1-3G0pld43HYbvJ5ovRE79RhM/cMo=",
      "requires": {
        "image-size": "^0.5.1",
        "is-relative-url": "^2.0.0",
        "lodash": "^4.17.4",
        "unist-util-select": "^1.5.0"
      },
      "dependencies": {
        "lodash": {
          "version": "4.17.15",
          "resolved": "https://registry.npmjs.org/lodash/-/lodash-4.17.15.tgz",
          "integrity": "sha512-8xOcRHvCjnocdS5cpwXQXVzmmh5e5+saE2QGoeQmbKmRS6J3VQppPOIt0MnmE+4xlZoumy0GPG0D0MVIQbNA1A=="
        }
      }
    },
    "image-size": {
      "version": "0.5.5",
      "resolved": "https://registry.npmjs.org/image-size/-/image-size-0.5.5.tgz",
      "integrity": "sha1-Cd/Uq50g4p6xw+gLiZA3jfnjy5w="
    },
    "is-absolute-url": {
      "version": "2.1.0",
      "resolved": "https://registry.npmjs.org/is-absolute-url/-/is-absolute-url-2.1.0.tgz",
      "integrity": "sha1-UFMN+4T8yap9vnhS6Do3uTufKqY="
    },
    "is-relative-url": {
      "version": "2.0.0",
      "resolved": "https://registry.npmjs.org/is-relative-url/-/is-relative-url-2.0.0.tgz",
      "integrity": "sha1-cpAtf+BLPUeS59sV+duEtyBMnO8=",
      "requires": {
        "is-absolute-url": "^2.0.0"
      }
    },
    "ms": {
      "version": "2.0.0",
      "resolved": "https://registry.npmjs.org/ms/-/ms-2.0.0.tgz",
      "integrity": "sha1-VgiurfwAvmwpAd9fmGF4jeDVl8g="
    },
    "nth-check": {
      "version": "1.0.2",
      "resolved": "https://registry.npmjs.org/nth-check/-/nth-check-1.0.2.tgz",
      "integrity": "sha512-WeBOdju8SnzPN5vTUJYxYUxLeXpCaVP5i5e0LF8fg7WORF2Wd7wFX/pk0tYZk7s8T+J7VLy0Da6J1+wCT0AtHg==",
      "requires": {
        "boolbase": "~1.0.0"
      }
    },
    "unist-util-select": {
      "version": "1.5.0",
      "resolved": "https://registry.npmjs.org/unist-util-select/-/unist-util-select-1.5.0.tgz",
      "integrity": "sha1-qTwr6MD2U4J4A7gTMa3sKqJM2TM=",
      "requires": {
        "css-selector-parser": "^1.1.0",
        "debug": "^2.2.0",
        "nth-check": "^1.0.1"
      }
    }
  }
}
